
Microsoft Visual Studio Solution File, Format Version 12.00
# Visual Studio Version 17
VisualStudioVersion = 17.0.31912.275
MinimumVisualStudioVersion = 10.0.40219.1
Project("{9A19103F-16F7-4668-BE54-9A1E7A4F7556}") = "AdventOfCode.Day1", "AdventOfCode.Day1\AdventOfCode.Day1.csproj", "{C9D22872-E179-4E12-99AE-6C9861A43E5B}"
EndProject
Project("{9A19103F-16F7-4668-BE54-9A1E7A4F7556}") = "AdventOfCode.Day2", "AdventOfCode.Day2\AdventOfCode.Day2.csproj", "{5D1AA4CC-3AA8-47AE-91F7-EADD7C9955EF}"
EndProject
Project("{9A19103F-16F7-4668-BE54-9A1E7A4F7556}") = "AdventOfCode.Day3", "AdventOfCode.Day3\AdventOfCode.Day3.csproj", "{BA8DC846-06E4-496F-A54F-B0E6187B8C07}"
EndProject
Project("{9A19103F-16F7-4668-BE54-9A1E7A4F7556}") = "AdventOfCode.Day4", "AdventOfCode.Day4\AdventOfCode.Day4.csproj", "{3BCD3336-229E-4E7D-96C5-880713D6BA89}"
EndProject
Project("{9A19103F-16F7-4668-BE54-9A1E7A4F7556}") = "AdventOfCode.Day5", "AdventOfCode.Day5\AdventOfCode.Day5.csproj", "{6F3CCF7C-0DD8-4BB2-92CC-3818A61E5DD1}"
EndProject
Project("{9A19103F-16F7-4668-BE54-9A1E7A4F7556}") = "AdventOfCode.Day6", "AdventOfCode.Day6\AdventOfCode.Day6.csproj", "{529947DC-A5CC-4404-8FCA-B1DE8F82E843}"
EndProject
Project("{9A19103F-16F7-4668-BE54-9A1E7A4F7556}") = "AdventOfCode.Day7", "AdventOfCode.Day7\AdventOfCode.Day7.csproj", "{558FD201-5682-4B0A-B51F-CED3E08EF21C}"
EndProject
Project("{9A19103F-16F7-4668-BE54-9A1E7A4F7556}") = "AdventOfCode.Day8", "AdventOfCode.Day8\AdventOfCode.Day8.csproj", "{3D146387-B2F1-424B-B3A1-E3E0997E0BC5}"
EndProject
Project("{9A19103F-16F7-4668-BE54-9A1E7A4F7556}") = "AdventOfCode.Day9", "AdventOfCode.Day9\AdventOfCode.Day9.csproj", "{E4F41595-E492-43FF-A9B6-D8B8685B5DF6}"
EndProject
Project("{9A19103F-16F7-4668-BE54-9A1E7A4F7556}") = "AdventOfCode.Day10", "AdventOfCode.Day10\AdventOfCode.Day10.csproj", "{C741E983-AEF8-404C-9F20-E2B514573512}"
EndProject
Project("{9A19103F-16F7-4668-BE54-9A1E7A4F7556}") = "AdventOfCode.Day11", "AdventOfCode.Day11\AdventOfCode.Day11.csproj", "{8C5A7F40-0A04-40DF-912A-AE2011836BA8}"
EndProject
Project("{FAE04EC0-301F-11D3-BF4B-00C04F79EFBC}") = "AdventOfCode.Day12", "AdventOfCode.Day12\AdventOfCode.Day12.csproj", "{A0C03C53-1C9D-4748-A210-142508D5BDBB}"
EndProject
Project("{FAE04EC0-301F-11D3-BF4B-00C04F79EFBC}") = "AdventOfCode.Day13", "AdventOfCode.Day13\AdventOfCode.Day13.csproj", "{2BC252B3-64A8-4B75-9EAC-25EF0285061D}"
EndProject
Global
	GlobalSection(SolutionConfigurationPlatforms) = preSolution
		Debug|Any CPU = Debug|Any CPU
		Release|Any CPU = Release|Any CPU
	EndGlobalSection
	GlobalSection(ProjectConfigurationPlatforms) = postSolution
		{C9D22872-E179-4E12-99AE-6C9861A43E5B}.Debug|Any CPU.ActiveCfg = Debug|Any CPU
		{C9D22872-E179-4E12-99AE-6C9861A43E5B}.Debug|Any CPU.Build.0 = Debug|Any CPU
		{C9D22872-E179-4E12-99AE-6C9861A43E5B}.Release|Any CPU.ActiveCfg = Release|Any CPU
		{C9D22872-E179-4E12-99AE-6C9861A43E5B}.Release|Any CPU.Build.0 = Release|Any CPU
		{5D1AA4CC-3AA8-47AE-91F7-EADD7C9955EF}.Debug|Any CPU.ActiveCfg = Debug|Any CPU
		{5D1AA4CC-3AA8-47AE-91F7-EADD7C9955EF}.Debug|Any CPU.Build.0 = Debug|Any CPU
		{5D1AA4CC-3AA8-47AE-91F7-EADD7C9955EF}.Release|Any CPU.ActiveCfg = Release|Any CPU
		{5D1AA4CC-3AA8-47AE-91F7-EADD7C9955EF}.Release|Any CPU.Build.0 = Release|Any CPU
		{BA8DC846-06E4-496F-A54F-B0E6187B8C07}.Debug|Any CPU.ActiveCfg = Debug|Any CPU
		{BA8DC846-06E4-496F-A54F-B0E6187B8C07}.Debug|Any CPU.Build.0 = Debug|Any CPU
		{BA8DC846-06E4-496F-A54F-B0E6187B8C07}.Release|Any CPU.ActiveCfg = Release|Any CPU
		{BA8DC846-06E4-496F-A54F-B0E6187B8C07}.Release|Any CPU.Build.0 = Release|Any CPU
		{3BCD3336-229E-4E7D-96C5-880713D6BA89}.Debug|Any CPU.ActiveCfg = Debug|Any CPU
		{3BCD3336-229E-4E7D-96C5-880713D6BA89}.Debug|Any CPU.Build.0 = Debug|Any CPU
		{3BCD3336-229E-4E7D-96C5-880713D6BA89}.Release|Any CPU.ActiveCfg = Release|Any CPU
		{3BCD3336-229E-4E7D-96C5-880713D6BA89}.Release|Any CPU.Build.0 = Release|Any CPU
		{6F3CCF7C-0DD8-4BB2-92CC-3818A61E5DD1}.Debug|Any CPU.ActiveCfg = Debug|Any CPU
		{6F3CCF7C-0DD8-4BB2-92CC-3818A61E5DD1}.Debug|Any CPU.Build.0 = Debug|Any CPU
		{6F3CCF7C-0DD8-4BB2-92CC-3818A61E5DD1}.Release|Any CPU.ActiveCfg = Release|Any CPU
		{6F3CCF7C-0DD8-4BB2-92CC-3818A61E5DD1}.Release|Any CPU.Build.0 = Release|Any CPU
		{529947DC-A5CC-4404-8FCA-B1DE8F82E843}.Debug|Any CPU.ActiveCfg = Debug|Any CPU
		{529947DC-A5CC-4404-8FCA-B1DE8F82E843}.Debug|Any CPU.Build.0 = Debug|Any CPU
		{529947DC-A5CC-4404-8FCA-B1DE8F82E843}.Release|Any CPU.ActiveCfg = Release|Any CPU
		{529947DC-A5CC-4404-8FCA-B1DE8F82E843}.Release|Any CPU.Build.0 = Release|Any CPU
		{558FD201-5682-4B0A-B51F-CED3E08EF21C}.Debug|Any CPU.ActiveCfg = Debug|Any CPU
		{558FD201-5682-4B0A-B51F-CED3E08EF21C}.Debug|Any CPU.Build.0 = Debug|Any CPU
		{558FD201-5682-4B0A-B51F-CED3E08EF21C}.Release|Any CPU.ActiveCfg = Release|Any CPU
		{558FD201-5682-4B0A-B51F-CED3E08EF21C}.Release|Any CPU.Build.0 = Release|Any CPU
		{3D146387-B2F1-424B-B3A1-E3E0997E0BC5}.Debug|Any CPU.ActiveCfg = Debug|Any CPU
		{3D146387-B2F1-424B-B3A1-E3E0997E0BC5}.Debug|Any CPU.Build.0 = Debug|Any CPU
		{3D146387-B2F1-424B-B3A1-E3E0997E0BC5}.Release|Any CPU.ActiveCfg = Release|Any CPU
		{3D146387-B2F1-424B-B3A1-E3E0997E0BC5}.Release|Any CPU.Build.0 = Release|Any CPU
		{E4F41595-E492-43FF-A9B6-D8B8685B5DF6}.Debug|Any CPU.ActiveCfg = Debug|Any CPU
		{E4F41595-E492-43FF-A9B6-D8B8685B5DF6}.Debug|Any CPU.Build.0 = Debug|Any CPU
		{E4F41595-E492-43FF-A9B6-D8B8685B5DF6}.Release|Any CPU.ActiveCfg = Release|Any CPU
		{E4F41595-E492-43FF-A9B6-D8B8685B5DF6}.Release|Any CPU.Build.0 = Release|Any CPU
		{C741E983-AEF8-404C-9F20-E2B514573512}.Debug|Any CPU.ActiveCfg = Debug|Any CPU
		{C741E983-AEF8-404C-9F20-E2B514573512}.Debug|Any CPU.Build.0 = Debug|Any CPU
		{C741E983-AEF8-404C-9F20-E2B514573512}.Release|Any CPU.ActiveCfg = Release|Any CPU
		{C741E983-AEF8-404C-9F20-E2B514573512}.Release|Any CPU.Build.0 = Release|Any CPU
		{8C5A7F40-0A04-40DF-912A-AE2011836BA8}.Debug|Any CPU.ActiveCfg = Debug|Any CPU
		{8C5A7F40-0A04-40DF-912A-AE2011836BA8}.Debug|Any CPU.Build.0 = Debug|Any CPU
		{8C5A7F40-0A04-40DF-912A-AE2011836BA8}.Release|Any CPU.ActiveCfg = Release|Any CPU
		{8C5A7F40-0A04-40DF-912A-AE2011836BA8}.Release|Any CPU.Build.0 = Release|Any CPU
		{A0C03C53-1C9D-4748-A210-142508D5BDBB}.Debug|Any CPU.ActiveCfg = Debug|Any CPU
		{A0C03C53-1C9D-4748-A210-142508D5BDBB}.Debug|Any CPU.Build.0 = Debug|Any CPU
		{A0C03C53-1C9D-4748-A210-142508D5BDBB}.Release|Any CPU.ActiveCfg = Release|Any CPU
		{A0C03C53-1C9D-4748-A210-142508D5BDBB}.Release|Any CPU.Build.0 = Release|Any CPU
		{2BC252B3-64A8-4B75-9EAC-25EF0285061D}.Debug|Any CPU.ActiveCfg = Debug|Any CPU
		{2BC252B3-64A8-4B75-9EAC-25EF0285061D}.Debug|Any CPU.Build.0 = Debug|Any CPU
		{2BC252B3-64A8-4B75-9EAC-25EF0285061D}.Release|Any CPU.ActiveCfg = Release|Any CPU
		{2BC252B3-64A8-4B75-9EAC-25EF0285061D}.Release|Any CPU.Build.0 = Release|Any CPU
	EndGlobalSection
	GlobalSection(SolutionProperties) = preSolution
		HideSolutionNode = FALSE
	EndGlobalSection
	GlobalSection(ExtensibilityGlobals) = postSolution
		SolutionGuid = {FE6961A9-4F26-40FB-A0C5-EAADA722B00A}
	EndGlobalSection
EndGlobal
