
Microsoft Visual Studio Solution File, Format Version 12.00
# Visual Studio Version 17
VisualStudioVersion = 17.0.31912.275
MinimumVisualStudioVersion = 10.0.40219.1
Project("{9A19103F-16F7-4668-BE54-9A1E7A4F7556}") = "AdventOfCode2021.Day1", "2021\AdventOfCode2021.Day1\AdventOfCode2021.Day1.csproj", "{C9D22872-E179-4E12-99AE-6C9861A43E5B}"
EndProject
Project("{9A19103F-16F7-4668-BE54-9A1E7A4F7556}") = "AdventOfCode2021.Day2", "2021\AdventOfCode2021.Day2\AdventOfCode2021.Day2.csproj", "{5D1AA4CC-3AA8-47AE-91F7-EADD7C9955EF}"
EndProject
Project("{9A19103F-16F7-4668-BE54-9A1E7A4F7556}") = "AdventOfCode2021.Day3", "2021\AdventOfCode2021.Day3\AdventOfCode2021.Day3.csproj", "{BA8DC846-06E4-496F-A54F-B0E6187B8C07}"
EndProject
Project("{9A19103F-16F7-4668-BE54-9A1E7A4F7556}") = "AdventOfCode2021.Day4", "2021\AdventOfCode2021.Day4\AdventOfCode2021.Day4.csproj", "{3BCD3336-229E-4E7D-96C5-880713D6BA89}"
EndProject
Project("{9A19103F-16F7-4668-BE54-9A1E7A4F7556}") = "AdventOfCode2021.Day5", "2021\AdventOfCode2021.Day5\AdventOfCode2021.Day5.csproj", "{6F3CCF7C-0DD8-4BB2-92CC-3818A61E5DD1}"
EndProject
Project("{9A19103F-16F7-4668-BE54-9A1E7A4F7556}") = "AdventOfCode2021.Day6", "2021\AdventOfCode2021.Day6\AdventOfCode2021.Day6.csproj", "{529947DC-A5CC-4404-8FCA-B1DE8F82E843}"
EndProject
Project("{9A19103F-16F7-4668-BE54-9A1E7A4F7556}") = "AdventOfCode2021.Day7", "2021\AdventOfCode2021.Day7\AdventOfCode2021.Day7.csproj", "{558FD201-5682-4B0A-B51F-CED3E08EF21C}"
EndProject
Project("{9A19103F-16F7-4668-BE54-9A1E7A4F7556}") = "AdventOfCode2021.Day8", "2021\AdventOfCode2021.Day8\AdventOfCode2021.Day8.csproj", "{3D146387-B2F1-424B-B3A1-E3E0997E0BC5}"
EndProject
Project("{9A19103F-16F7-4668-BE54-9A1E7A4F7556}") = "AdventOfCode2021.Day9", "2021\AdventOfCode2021.Day9\AdventOfCode2021.Day9.csproj", "{E4F41595-E492-43FF-A9B6-D8B8685B5DF6}"
EndProject
Project("{9A19103F-16F7-4668-BE54-9A1E7A4F7556}") = "AdventOfCode2021.Day10", "2021\AdventOfCode2021.Day10\AdventOfCode2021.Day10.csproj", "{C741E983-AEF8-404C-9F20-E2B514573512}"
EndProject
Project("{9A19103F-16F7-4668-BE54-9A1E7A4F7556}") = "AdventOfCode2021.Day11", "2021\AdventOfCode2021.Day11\AdventOfCode2021.Day11.csproj", "{8C5A7F40-0A04-40DF-912A-AE2011836BA8}"
EndProject
Project("{9A19103F-16F7-4668-BE54-9A1E7A4F7556}") = "AdventOfCode2021.Day12", "2021\AdventOfCode2021.Day12\AdventOfCode2021.Day12.csproj", "{A0C03C53-1C9D-4748-A210-142508D5BDBB}"
EndProject
Project("{9A19103F-16F7-4668-BE54-9A1E7A4F7556}") = "AdventOfCode2021.Day13", "2021\AdventOfCode2021.Day13\AdventOfCode2021.Day13.csproj", "{2BC252B3-64A8-4B75-9EAC-25EF0285061D}"
EndProject
Project("{9A19103F-16F7-4668-BE54-9A1E7A4F7556}") = "AdventOfCode2021.Day14", "2021\AdventOfCode2021.Day14\AdventOfCode2021.Day14.csproj", "{AFF1E3B0-372D-47EE-BBD3-04E0BAC9ABC8}"
EndProject
Project("{9A19103F-16F7-4668-BE54-9A1E7A4F7556}") = "AdventOfCode2021.Day15", "2021\AdventOfCode2021.Day15\AdventOfCode2021.Day15.csproj", "{EB0578B9-4DCA-4F0C-AF14-D59FD3B44D42}"
EndProject
Project("{9A19103F-16F7-4668-BE54-9A1E7A4F7556}") = "AdventOfCode2021.Day16", "2021\AdventOfCode2021.Day16\AdventOfCode2021.Day16.csproj", "{9DEDAD00-D1E1-44D8-8F14-A30CF9C03B65}"
EndProject
Project("{9A19103F-16F7-4668-BE54-9A1E7A4F7556}") = "AdventOfCode2021.Day17", "2021\AdventOfCode2021.Day17\AdventOfCode2021.Day17.csproj", "{475D7FE6-4987-4C5C-BDC5-2A15AB8CF297}"
EndProject
Project("{9A19103F-16F7-4668-BE54-9A1E7A4F7556}") = "AdventOfCode2021.Day18", "2021\AdventOfCode2021.Day18\AdventOfCode2021.Day18.csproj", "{FBB5C1D1-BE8D-4CE5-9085-683D015DD3CF}"
EndProject
Project("{2150E333-8FDC-42A3-9474-1A3956D46DE8}") = "2021", "2021", "{2D5686CA-2248-4ACD-99D1-0B52F90EF654}"
EndProject
Project("{2150E333-8FDC-42A3-9474-1A3956D46DE8}") = "2022", "2022", "{272AE67C-7EE3-4147-A424-ADBF54C6EA20}"
EndProject
Project("{2150E333-8FDC-42A3-9474-1A3956D46DE8}") = "2020", "2020", "{A81C7D00-7C53-4DBB-9FA9-4C43992BCC17}"
EndProject
Project("{2150E333-8FDC-42A3-9474-1A3956D46DE8}") = "2015", "2015", "{43CF4AAA-CAC1-43FA-8C65-14202E569CD1}"
EndProject
Project("{2150E333-8FDC-42A3-9474-1A3956D46DE8}") = "2016", "2016", "{F13C2D7A-5C7C-48AD-99A2-3908AB1C6E9E}"
EndProject
Project("{2150E333-8FDC-42A3-9474-1A3956D46DE8}") = "2017", "2017", "{CD828C6E-9862-4FC5-8CC6-4DB558D93BBF}"
EndProject
Project("{2150E333-8FDC-42A3-9474-1A3956D46DE8}") = "2018", "2018", "{46AF3178-9722-4E11-ADF5-824DDCB4FEA4}"
EndProject
Project("{2150E333-8FDC-42A3-9474-1A3956D46DE8}") = "2019", "2019", "{FB0B05B8-43B5-4A4F-898A-C7ACEDFAE4FF}"
EndProject
Project("{9A19103F-16F7-4668-BE54-9A1E7A4F7556}") = "AdventOfCode2022.Day1", "2022\AdventOfCode2022.Day1\AdventOfCode2022.Day1.csproj", "{FCEA45AC-F010-4E9C-9F9D-E13257E13E57}"
EndProject
Project("{9A19103F-16F7-4668-BE54-9A1E7A4F7556}") = "AdventOfCode2022.Day2", "2022\AdventOfCode2022.Day2\AdventOfCode2022.Day2.csproj", "{2DCF211C-AACB-493F-9A0D-F394AA1C2040}"
EndProject
Project("{9A19103F-16F7-4668-BE54-9A1E7A4F7556}") = "AdventOfCode2022.Day3", "2022\AdventOfCode2022.Day3\AdventOfCode2022.Day3.csproj", "{76093F4B-7F28-40BE-B6A0-48D6C78DAE7F}"
EndProject
Project("{9A19103F-16F7-4668-BE54-9A1E7A4F7556}") = "AdventOfCode2022.Day4", "2022\AdventOfCode2022.Day4\AdventOfCode2022.Day4.csproj", "{45436BC3-F96E-44FD-9EAB-1EAB92C8B468}"
EndProject
Project("{9A19103F-16F7-4668-BE54-9A1E7A4F7556}") = "AdventOfCode2022.Day5", "2022\AdventOfCode2022.Day5\AdventOfCode2022.Day5.csproj", "{F52E6168-26CB-4D21-8DCE-665E1281D103}"
EndProject
Project("{9A19103F-16F7-4668-BE54-9A1E7A4F7556}") = "AdventOfCode2022.Day6", "2022\AdventOfCode2022.Day6\AdventOfCode2022.Day6.csproj", "{6BEA2F2F-3918-4B67-9B3B-98A0DFF64825}"
EndProject
Project("{9A19103F-16F7-4668-BE54-9A1E7A4F7556}") = "AdventOfCode2022.Day7", "2022\AdventOfCode2022.Day7\AdventOfCode2022.Day7.csproj", "{0F26E315-AF3D-4969-8F4D-D9277A14731D}"
EndProject
Project("{9A19103F-16F7-4668-BE54-9A1E7A4F7556}") = "AdventOfCode2022.Day8", "2022\AdventOfCode2022.Day8\AdventOfCode2022.Day8.csproj", "{77559278-903E-4E52-B7AB-935820816AE7}"
EndProject
Project("{9A19103F-16F7-4668-BE54-9A1E7A4F7556}") = "AdventOfCode2022.Day9", "2022\AdventOfCode2022.Day9\AdventOfCode2022.Day9.csproj", "{81536D32-F995-4E1B-B288-CD89650391EC}"
EndProject
Project("{9A19103F-16F7-4668-BE54-9A1E7A4F7556}") = "AdventOfCode2022.Day10", "2022\AdventOfCode2022.Day10\AdventOfCode2022.Day10.csproj", "{AAF7AE05-9FD3-41F6-B043-DFA1CAAA0694}"
EndProject
Project("{9A19103F-16F7-4668-BE54-9A1E7A4F7556}") = "AdventOfCode2022.Day11", "2022\AdventOfCode2022.Day11\AdventOfCode2022.Day11.csproj", "{B7E9ECF6-DEF6-4031-9340-4A91A4EDF7DE}"
EndProject
Project("{9A19103F-16F7-4668-BE54-9A1E7A4F7556}") = "AdventOfCode2022.Day12", "2022\AdventOfCode2022.Day12\AdventOfCode2022.Day12.csproj", "{5A10BCB6-AB5C-410B-BB50-32A71AA6B6C9}"
EndProject
Project("{9A19103F-16F7-4668-BE54-9A1E7A4F7556}") = "AdventOfCode2022.Day13", "2022\AdventOfCode2022.Day13\AdventOfCode2022.Day13.csproj", "{80EA319C-C1F5-4235-BA66-F03B4E0DD8FD}"
EndProject
Project("{9A19103F-16F7-4668-BE54-9A1E7A4F7556}") = "AdventOfCode2022.Day14", "2022\AdventOfCode2022.Day14\AdventOfCode2022.Day14.csproj", "{1A23E92D-FEFC-4F83-A34B-B12A8B263A0F}"
EndProject
Project("{FAE04EC0-301F-11D3-BF4B-00C04F79EFBC}") = "AdventOfCode2022.Day15", "2022\AdventOfCode2022.Day15\AdventOfCode2022.Day15.csproj", "{052C1BBF-9F40-4742-9DB9-C136A7B13111}"
EndProject
Global
	GlobalSection(SolutionConfigurationPlatforms) = preSolution
		Debug|Any CPU = Debug|Any CPU
		Release|Any CPU = Release|Any CPU
	EndGlobalSection
	GlobalSection(ProjectConfigurationPlatforms) = postSolution
		{C9D22872-E179-4E12-99AE-6C9861A43E5B}.Debug|Any CPU.ActiveCfg = Debug|Any CPU
		{C9D22872-E179-4E12-99AE-6C9861A43E5B}.Debug|Any CPU.Build.0 = Debug|Any CPU
		{C9D22872-E179-4E12-99AE-6C9861A43E5B}.Release|Any CPU.ActiveCfg = Release|Any CPU
		{C9D22872-E179-4E12-99AE-6C9861A43E5B}.Release|Any CPU.Build.0 = Release|Any CPU
		{5D1AA4CC-3AA8-47AE-91F7-EADD7C9955EF}.Debug|Any CPU.ActiveCfg = Debug|Any CPU
		{5D1AA4CC-3AA8-47AE-91F7-EADD7C9955EF}.Debug|Any CPU.Build.0 = Debug|Any CPU
		{5D1AA4CC-3AA8-47AE-91F7-EADD7C9955EF}.Release|Any CPU.ActiveCfg = Release|Any CPU
		{5D1AA4CC-3AA8-47AE-91F7-EADD7C9955EF}.Release|Any CPU.Build.0 = Release|Any CPU
		{BA8DC846-06E4-496F-A54F-B0E6187B8C07}.Debug|Any CPU.ActiveCfg = Debug|Any CPU
		{BA8DC846-06E4-496F-A54F-B0E6187B8C07}.Debug|Any CPU.Build.0 = Debug|Any CPU
		{BA8DC846-06E4-496F-A54F-B0E6187B8C07}.Release|Any CPU.ActiveCfg = Release|Any CPU
		{BA8DC846-06E4-496F-A54F-B0E6187B8C07}.Release|Any CPU.Build.0 = Release|Any CPU
		{3BCD3336-229E-4E7D-96C5-880713D6BA89}.Debug|Any CPU.ActiveCfg = Debug|Any CPU
		{3BCD3336-229E-4E7D-96C5-880713D6BA89}.Debug|Any CPU.Build.0 = Debug|Any CPU
		{3BCD3336-229E-4E7D-96C5-880713D6BA89}.Release|Any CPU.ActiveCfg = Release|Any CPU
		{3BCD3336-229E-4E7D-96C5-880713D6BA89}.Release|Any CPU.Build.0 = Release|Any CPU
		{6F3CCF7C-0DD8-4BB2-92CC-3818A61E5DD1}.Debug|Any CPU.ActiveCfg = Debug|Any CPU
		{6F3CCF7C-0DD8-4BB2-92CC-3818A61E5DD1}.Debug|Any CPU.Build.0 = Debug|Any CPU
		{6F3CCF7C-0DD8-4BB2-92CC-3818A61E5DD1}.Release|Any CPU.ActiveCfg = Release|Any CPU
		{6F3CCF7C-0DD8-4BB2-92CC-3818A61E5DD1}.Release|Any CPU.Build.0 = Release|Any CPU
		{529947DC-A5CC-4404-8FCA-B1DE8F82E843}.Debug|Any CPU.ActiveCfg = Debug|Any CPU
		{529947DC-A5CC-4404-8FCA-B1DE8F82E843}.Debug|Any CPU.Build.0 = Debug|Any CPU
		{529947DC-A5CC-4404-8FCA-B1DE8F82E843}.Release|Any CPU.ActiveCfg = Release|Any CPU
		{529947DC-A5CC-4404-8FCA-B1DE8F82E843}.Release|Any CPU.Build.0 = Release|Any CPU
		{558FD201-5682-4B0A-B51F-CED3E08EF21C}.Debug|Any CPU.ActiveCfg = Debug|Any CPU
		{558FD201-5682-4B0A-B51F-CED3E08EF21C}.Debug|Any CPU.Build.0 = Debug|Any CPU
		{558FD201-5682-4B0A-B51F-CED3E08EF21C}.Release|Any CPU.ActiveCfg = Release|Any CPU
		{558FD201-5682-4B0A-B51F-CED3E08EF21C}.Release|Any CPU.Build.0 = Release|Any CPU
		{3D146387-B2F1-424B-B3A1-E3E0997E0BC5}.Debug|Any CPU.ActiveCfg = Debug|Any CPU
		{3D146387-B2F1-424B-B3A1-E3E0997E0BC5}.Debug|Any CPU.Build.0 = Debug|Any CPU
		{3D146387-B2F1-424B-B3A1-E3E0997E0BC5}.Release|Any CPU.ActiveCfg = Release|Any CPU
		{3D146387-B2F1-424B-B3A1-E3E0997E0BC5}.Release|Any CPU.Build.0 = Release|Any CPU
		{E4F41595-E492-43FF-A9B6-D8B8685B5DF6}.Debug|Any CPU.ActiveCfg = Debug|Any CPU
		{E4F41595-E492-43FF-A9B6-D8B8685B5DF6}.Debug|Any CPU.Build.0 = Debug|Any CPU
		{E4F41595-E492-43FF-A9B6-D8B8685B5DF6}.Release|Any CPU.ActiveCfg = Release|Any CPU
		{E4F41595-E492-43FF-A9B6-D8B8685B5DF6}.Release|Any CPU.Build.0 = Release|Any CPU
		{C741E983-AEF8-404C-9F20-E2B514573512}.Debug|Any CPU.ActiveCfg = Debug|Any CPU
		{C741E983-AEF8-404C-9F20-E2B514573512}.Debug|Any CPU.Build.0 = Debug|Any CPU
		{C741E983-AEF8-404C-9F20-E2B514573512}.Release|Any CPU.ActiveCfg = Release|Any CPU
		{C741E983-AEF8-404C-9F20-E2B514573512}.Release|Any CPU.Build.0 = Release|Any CPU
		{8C5A7F40-0A04-40DF-912A-AE2011836BA8}.Debug|Any CPU.ActiveCfg = Debug|Any CPU
		{8C5A7F40-0A04-40DF-912A-AE2011836BA8}.Debug|Any CPU.Build.0 = Debug|Any CPU
		{8C5A7F40-0A04-40DF-912A-AE2011836BA8}.Release|Any CPU.ActiveCfg = Release|Any CPU
		{8C5A7F40-0A04-40DF-912A-AE2011836BA8}.Release|Any CPU.Build.0 = Release|Any CPU
		{A0C03C53-1C9D-4748-A210-142508D5BDBB}.Debug|Any CPU.ActiveCfg = Debug|Any CPU
		{A0C03C53-1C9D-4748-A210-142508D5BDBB}.Debug|Any CPU.Build.0 = Debug|Any CPU
		{A0C03C53-1C9D-4748-A210-142508D5BDBB}.Release|Any CPU.ActiveCfg = Release|Any CPU
		{A0C03C53-1C9D-4748-A210-142508D5BDBB}.Release|Any CPU.Build.0 = Release|Any CPU
		{2BC252B3-64A8-4B75-9EAC-25EF0285061D}.Debug|Any CPU.ActiveCfg = Debug|Any CPU
		{2BC252B3-64A8-4B75-9EAC-25EF0285061D}.Debug|Any CPU.Build.0 = Debug|Any CPU
		{2BC252B3-64A8-4B75-9EAC-25EF0285061D}.Release|Any CPU.ActiveCfg = Release|Any CPU
		{2BC252B3-64A8-4B75-9EAC-25EF0285061D}.Release|Any CPU.Build.0 = Release|Any CPU
		{AFF1E3B0-372D-47EE-BBD3-04E0BAC9ABC8}.Debug|Any CPU.ActiveCfg = Debug|Any CPU
		{AFF1E3B0-372D-47EE-BBD3-04E0BAC9ABC8}.Debug|Any CPU.Build.0 = Debug|Any CPU
		{AFF1E3B0-372D-47EE-BBD3-04E0BAC9ABC8}.Release|Any CPU.ActiveCfg = Release|Any CPU
		{AFF1E3B0-372D-47EE-BBD3-04E0BAC9ABC8}.Release|Any CPU.Build.0 = Release|Any CPU
		{EB0578B9-4DCA-4F0C-AF14-D59FD3B44D42}.Debug|Any CPU.ActiveCfg = Debug|Any CPU
		{EB0578B9-4DCA-4F0C-AF14-D59FD3B44D42}.Debug|Any CPU.Build.0 = Debug|Any CPU
		{EB0578B9-4DCA-4F0C-AF14-D59FD3B44D42}.Release|Any CPU.ActiveCfg = Release|Any CPU
		{EB0578B9-4DCA-4F0C-AF14-D59FD3B44D42}.Release|Any CPU.Build.0 = Release|Any CPU
		{9DEDAD00-D1E1-44D8-8F14-A30CF9C03B65}.Debug|Any CPU.ActiveCfg = Debug|Any CPU
		{9DEDAD00-D1E1-44D8-8F14-A30CF9C03B65}.Debug|Any CPU.Build.0 = Debug|Any CPU
		{9DEDAD00-D1E1-44D8-8F14-A30CF9C03B65}.Release|Any CPU.ActiveCfg = Release|Any CPU
		{9DEDAD00-D1E1-44D8-8F14-A30CF9C03B65}.Release|Any CPU.Build.0 = Release|Any CPU
		{475D7FE6-4987-4C5C-BDC5-2A15AB8CF297}.Debug|Any CPU.ActiveCfg = Debug|Any CPU
		{475D7FE6-4987-4C5C-BDC5-2A15AB8CF297}.Debug|Any CPU.Build.0 = Debug|Any CPU
		{475D7FE6-4987-4C5C-BDC5-2A15AB8CF297}.Release|Any CPU.ActiveCfg = Release|Any CPU
		{475D7FE6-4987-4C5C-BDC5-2A15AB8CF297}.Release|Any CPU.Build.0 = Release|Any CPU
		{FBB5C1D1-BE8D-4CE5-9085-683D015DD3CF}.Debug|Any CPU.ActiveCfg = Debug|Any CPU
		{FBB5C1D1-BE8D-4CE5-9085-683D015DD3CF}.Debug|Any CPU.Build.0 = Debug|Any CPU
		{FBB5C1D1-BE8D-4CE5-9085-683D015DD3CF}.Release|Any CPU.ActiveCfg = Release|Any CPU
		{FBB5C1D1-BE8D-4CE5-9085-683D015DD3CF}.Release|Any CPU.Build.0 = Release|Any CPU
		{FCEA45AC-F010-4E9C-9F9D-E13257E13E57}.Debug|Any CPU.ActiveCfg = Debug|Any CPU
		{FCEA45AC-F010-4E9C-9F9D-E13257E13E57}.Debug|Any CPU.Build.0 = Debug|Any CPU
		{FCEA45AC-F010-4E9C-9F9D-E13257E13E57}.Release|Any CPU.ActiveCfg = Release|Any CPU
		{FCEA45AC-F010-4E9C-9F9D-E13257E13E57}.Release|Any CPU.Build.0 = Release|Any CPU
		{2DCF211C-AACB-493F-9A0D-F394AA1C2040}.Debug|Any CPU.ActiveCfg = Debug|Any CPU
		{2DCF211C-AACB-493F-9A0D-F394AA1C2040}.Debug|Any CPU.Build.0 = Debug|Any CPU
		{2DCF211C-AACB-493F-9A0D-F394AA1C2040}.Release|Any CPU.ActiveCfg = Release|Any CPU
		{2DCF211C-AACB-493F-9A0D-F394AA1C2040}.Release|Any CPU.Build.0 = Release|Any CPU
		{76093F4B-7F28-40BE-B6A0-48D6C78DAE7F}.Debug|Any CPU.ActiveCfg = Debug|Any CPU
		{76093F4B-7F28-40BE-B6A0-48D6C78DAE7F}.Debug|Any CPU.Build.0 = Debug|Any CPU
		{76093F4B-7F28-40BE-B6A0-48D6C78DAE7F}.Release|Any CPU.ActiveCfg = Release|Any CPU
		{76093F4B-7F28-40BE-B6A0-48D6C78DAE7F}.Release|Any CPU.Build.0 = Release|Any CPU
		{45436BC3-F96E-44FD-9EAB-1EAB92C8B468}.Debug|Any CPU.ActiveCfg = Debug|Any CPU
		{45436BC3-F96E-44FD-9EAB-1EAB92C8B468}.Debug|Any CPU.Build.0 = Debug|Any CPU
		{45436BC3-F96E-44FD-9EAB-1EAB92C8B468}.Release|Any CPU.ActiveCfg = Release|Any CPU
		{45436BC3-F96E-44FD-9EAB-1EAB92C8B468}.Release|Any CPU.Build.0 = Release|Any CPU
		{F52E6168-26CB-4D21-8DCE-665E1281D103}.Debug|Any CPU.ActiveCfg = Debug|Any CPU
		{F52E6168-26CB-4D21-8DCE-665E1281D103}.Debug|Any CPU.Build.0 = Debug|Any CPU
		{F52E6168-26CB-4D21-8DCE-665E1281D103}.Release|Any CPU.ActiveCfg = Release|Any CPU
		{F52E6168-26CB-4D21-8DCE-665E1281D103}.Release|Any CPU.Build.0 = Release|Any CPU
		{6BEA2F2F-3918-4B67-9B3B-98A0DFF64825}.Debug|Any CPU.ActiveCfg = Debug|Any CPU
		{6BEA2F2F-3918-4B67-9B3B-98A0DFF64825}.Debug|Any CPU.Build.0 = Debug|Any CPU
		{6BEA2F2F-3918-4B67-9B3B-98A0DFF64825}.Release|Any CPU.ActiveCfg = Release|Any CPU
		{6BEA2F2F-3918-4B67-9B3B-98A0DFF64825}.Release|Any CPU.Build.0 = Release|Any CPU
		{0F26E315-AF3D-4969-8F4D-D9277A14731D}.Debug|Any CPU.ActiveCfg = Debug|Any CPU
		{0F26E315-AF3D-4969-8F4D-D9277A14731D}.Debug|Any CPU.Build.0 = Debug|Any CPU
		{0F26E315-AF3D-4969-8F4D-D9277A14731D}.Release|Any CPU.ActiveCfg = Release|Any CPU
		{0F26E315-AF3D-4969-8F4D-D9277A14731D}.Release|Any CPU.Build.0 = Release|Any CPU
		{77559278-903E-4E52-B7AB-935820816AE7}.Debug|Any CPU.ActiveCfg = Debug|Any CPU
		{77559278-903E-4E52-B7AB-935820816AE7}.Debug|Any CPU.Build.0 = Debug|Any CPU
		{77559278-903E-4E52-B7AB-935820816AE7}.Release|Any CPU.ActiveCfg = Release|Any CPU
		{77559278-903E-4E52-B7AB-935820816AE7}.Release|Any CPU.Build.0 = Release|Any CPU
		{81536D32-F995-4E1B-B288-CD89650391EC}.Debug|Any CPU.ActiveCfg = Debug|Any CPU
		{81536D32-F995-4E1B-B288-CD89650391EC}.Debug|Any CPU.Build.0 = Debug|Any CPU
		{81536D32-F995-4E1B-B288-CD89650391EC}.Release|Any CPU.ActiveCfg = Release|Any CPU
		{81536D32-F995-4E1B-B288-CD89650391EC}.Release|Any CPU.Build.0 = Release|Any CPU
		{AAF7AE05-9FD3-41F6-B043-DFA1CAAA0694}.Debug|Any CPU.ActiveCfg = Debug|Any CPU
		{AAF7AE05-9FD3-41F6-B043-DFA1CAAA0694}.Debug|Any CPU.Build.0 = Debug|Any CPU
		{AAF7AE05-9FD3-41F6-B043-DFA1CAAA0694}.Release|Any CPU.ActiveCfg = Release|Any CPU
		{AAF7AE05-9FD3-41F6-B043-DFA1CAAA0694}.Release|Any CPU.Build.0 = Release|Any CPU
		{B7E9ECF6-DEF6-4031-9340-4A91A4EDF7DE}.Debug|Any CPU.ActiveCfg = Debug|Any CPU
		{B7E9ECF6-DEF6-4031-9340-4A91A4EDF7DE}.Debug|Any CPU.Build.0 = Debug|Any CPU
		{B7E9ECF6-DEF6-4031-9340-4A91A4EDF7DE}.Release|Any CPU.ActiveCfg = Release|Any CPU
		{B7E9ECF6-DEF6-4031-9340-4A91A4EDF7DE}.Release|Any CPU.Build.0 = Release|Any CPU
		{5A10BCB6-AB5C-410B-BB50-32A71AA6B6C9}.Debug|Any CPU.ActiveCfg = Debug|Any CPU
		{5A10BCB6-AB5C-410B-BB50-32A71AA6B6C9}.Debug|Any CPU.Build.0 = Debug|Any CPU
		{5A10BCB6-AB5C-410B-BB50-32A71AA6B6C9}.Release|Any CPU.ActiveCfg = Release|Any CPU
		{5A10BCB6-AB5C-410B-BB50-32A71AA6B6C9}.Release|Any CPU.Build.0 = Release|Any CPU
		{80EA319C-C1F5-4235-BA66-F03B4E0DD8FD}.Debug|Any CPU.ActiveCfg = Debug|Any CPU
		{80EA319C-C1F5-4235-BA66-F03B4E0DD8FD}.Debug|Any CPU.Build.0 = Debug|Any CPU
		{80EA319C-C1F5-4235-BA66-F03B4E0DD8FD}.Release|Any CPU.ActiveCfg = Release|Any CPU
		{80EA319C-C1F5-4235-BA66-F03B4E0DD8FD}.Release|Any CPU.Build.0 = Release|Any CPU
		{1A23E92D-FEFC-4F83-A34B-B12A8B263A0F}.Debug|Any CPU.ActiveCfg = Debug|Any CPU
		{1A23E92D-FEFC-4F83-A34B-B12A8B263A0F}.Debug|Any CPU.Build.0 = Debug|Any CPU
		{1A23E92D-FEFC-4F83-A34B-B12A8B263A0F}.Release|Any CPU.ActiveCfg = Release|Any CPU
		{1A23E92D-FEFC-4F83-A34B-B12A8B263A0F}.Release|Any CPU.Build.0 = Release|Any CPU
		{052C1BBF-9F40-4742-9DB9-C136A7B13111}.Debug|Any CPU.ActiveCfg = Debug|Any CPU
		{052C1BBF-9F40-4742-9DB9-C136A7B13111}.Debug|Any CPU.Build.0 = Debug|Any CPU
		{052C1BBF-9F40-4742-9DB9-C136A7B13111}.Release|Any CPU.ActiveCfg = Release|Any CPU
		{052C1BBF-9F40-4742-9DB9-C136A7B13111}.Release|Any CPU.Build.0 = Release|Any CPU
	EndGlobalSection
	GlobalSection(SolutionProperties) = preSolution
		HideSolutionNode = FALSE
	EndGlobalSection
	GlobalSection(NestedProjects) = preSolution
		{C9D22872-E179-4E12-99AE-6C9861A43E5B} = {2D5686CA-2248-4ACD-99D1-0B52F90EF654}
		{5D1AA4CC-3AA8-47AE-91F7-EADD7C9955EF} = {2D5686CA-2248-4ACD-99D1-0B52F90EF654}
		{BA8DC846-06E4-496F-A54F-B0E6187B8C07} = {2D5686CA-2248-4ACD-99D1-0B52F90EF654}
		{3BCD3336-229E-4E7D-96C5-880713D6BA89} = {2D5686CA-2248-4ACD-99D1-0B52F90EF654}
		{6F3CCF7C-0DD8-4BB2-92CC-3818A61E5DD1} = {2D5686CA-2248-4ACD-99D1-0B52F90EF654}
		{529947DC-A5CC-4404-8FCA-B1DE8F82E843} = {2D5686CA-2248-4ACD-99D1-0B52F90EF654}
		{558FD201-5682-4B0A-B51F-CED3E08EF21C} = {2D5686CA-2248-4ACD-99D1-0B52F90EF654}
		{3D146387-B2F1-424B-B3A1-E3E0997E0BC5} = {2D5686CA-2248-4ACD-99D1-0B52F90EF654}
		{E4F41595-E492-43FF-A9B6-D8B8685B5DF6} = {2D5686CA-2248-4ACD-99D1-0B52F90EF654}
		{C741E983-AEF8-404C-9F20-E2B514573512} = {2D5686CA-2248-4ACD-99D1-0B52F90EF654}
		{8C5A7F40-0A04-40DF-912A-AE2011836BA8} = {2D5686CA-2248-4ACD-99D1-0B52F90EF654}
		{A0C03C53-1C9D-4748-A210-142508D5BDBB} = {2D5686CA-2248-4ACD-99D1-0B52F90EF654}
		{2BC252B3-64A8-4B75-9EAC-25EF0285061D} = {2D5686CA-2248-4ACD-99D1-0B52F90EF654}
		{AFF1E3B0-372D-47EE-BBD3-04E0BAC9ABC8} = {2D5686CA-2248-4ACD-99D1-0B52F90EF654}
		{EB0578B9-4DCA-4F0C-AF14-D59FD3B44D42} = {2D5686CA-2248-4ACD-99D1-0B52F90EF654}
		{9DEDAD00-D1E1-44D8-8F14-A30CF9C03B65} = {2D5686CA-2248-4ACD-99D1-0B52F90EF654}
		{475D7FE6-4987-4C5C-BDC5-2A15AB8CF297} = {2D5686CA-2248-4ACD-99D1-0B52F90EF654}
		{FBB5C1D1-BE8D-4CE5-9085-683D015DD3CF} = {2D5686CA-2248-4ACD-99D1-0B52F90EF654}
		{FCEA45AC-F010-4E9C-9F9D-E13257E13E57} = {272AE67C-7EE3-4147-A424-ADBF54C6EA20}
		{2DCF211C-AACB-493F-9A0D-F394AA1C2040} = {272AE67C-7EE3-4147-A424-ADBF54C6EA20}
		{76093F4B-7F28-40BE-B6A0-48D6C78DAE7F} = {272AE67C-7EE3-4147-A424-ADBF54C6EA20}
		{45436BC3-F96E-44FD-9EAB-1EAB92C8B468} = {272AE67C-7EE3-4147-A424-ADBF54C6EA20}
		{F52E6168-26CB-4D21-8DCE-665E1281D103} = {272AE67C-7EE3-4147-A424-ADBF54C6EA20}
		{6BEA2F2F-3918-4B67-9B3B-98A0DFF64825} = {272AE67C-7EE3-4147-A424-ADBF54C6EA20}
		{0F26E315-AF3D-4969-8F4D-D9277A14731D} = {272AE67C-7EE3-4147-A424-ADBF54C6EA20}
		{77559278-903E-4E52-B7AB-935820816AE7} = {272AE67C-7EE3-4147-A424-ADBF54C6EA20}
		{81536D32-F995-4E1B-B288-CD89650391EC} = {272AE67C-7EE3-4147-A424-ADBF54C6EA20}
		{AAF7AE05-9FD3-41F6-B043-DFA1CAAA0694} = {272AE67C-7EE3-4147-A424-ADBF54C6EA20}
		{B7E9ECF6-DEF6-4031-9340-4A91A4EDF7DE} = {272AE67C-7EE3-4147-A424-ADBF54C6EA20}
		{5A10BCB6-AB5C-410B-BB50-32A71AA6B6C9} = {272AE67C-7EE3-4147-A424-ADBF54C6EA20}
		{80EA319C-C1F5-4235-BA66-F03B4E0DD8FD} = {272AE67C-7EE3-4147-A424-ADBF54C6EA20}
		{1A23E92D-FEFC-4F83-A34B-B12A8B263A0F} = {272AE67C-7EE3-4147-A424-ADBF54C6EA20}
		{052C1BBF-9F40-4742-9DB9-C136A7B13111} = {272AE67C-7EE3-4147-A424-ADBF54C6EA20}
	EndGlobalSection
	GlobalSection(ExtensibilityGlobals) = postSolution
		SolutionGuid = {FE6961A9-4F26-40FB-A0C5-EAADA722B00A}
	EndGlobalSection
EndGlobal
